# This file was autogenerated by Stack.
# You should not edit this file by hand.
# For more information, please see the documentation at:
#   https://docs.haskellstack.org/en/stable/lock_files

packages:
- completed:
    hackage: hakyll-4.15.1.0@sha256:df90fdb1e7e09e90557ad23a6d402ce042f820f690595e7e73db82220edcadcf,9924
    pantry-tree:
      size: 8860
      sha256: 474bd1e22b8eb6c7ad8e397c1c6741204fff4b30ebc5d9d47576c43820d17e13
  original:
    hackage: hakyll-4.15.1.0
- completed:
    hackage: pandoc-2.16.2@sha256:18e13beea8685535958731c0403c6338770c01a28311dcf5470337f734247104,39227
    pantry-tree:
      size: 135043
      sha256: 889b402043b078c7b4350c6b94156cdc00d6b8ad65d43b3cd24e184274625b90
  original:
    hackage: pandoc-2.16.2
- completed:
    hackage: citeproc-0.6@sha256:5d28caef8d7534ff0759691e17f9b1d075255df772cd6902c4c2ebbf0d863971,5641
    pantry-tree:
      size: 80171
      sha256: e12da9be66a0f2203850c2287c87e43ef8fbdb8587d7b08e48271f569b2ce972
  original:
    hackage: citeproc-0.6@sha256:5d28caef8d7534ff0759691e17f9b1d075255df772cd6902c4c2ebbf0d863971,5641
- completed:
    hackage: commonmark-0.2.1.1@sha256:b983bf741f54f295588fb0963bc61653b02a89631516277a5664039d74c26b89,3430
    pantry-tree:
      size: 1348
      sha256: 2dfa261e1d2094ab0be0785ba922724086804feb04fd30fcfaa5e19432ebfaee
  original:
    hackage: commonmark-0.2.1.1@sha256:b983bf741f54f295588fb0963bc61653b02a89631516277a5664039d74c26b89,3430
- completed:
    hackage: commonmark-extensions-0.2.2.1@sha256:f99d795cd2c28c2d7ff02da6848dd144d1aaa0a1c7df44706a3083748208fb03,3486
    pantry-tree:
      size: 3315
      sha256: 74390a89ef5c8bd55ddc978697bc6e8614aa694b935f9f3215d64faa5a8eb616
  original:
    hackage: commonmark-extensions-0.2.2.1@sha256:f99d795cd2c28c2d7ff02da6848dd144d1aaa0a1c7df44706a3083748208fb03,3486
- completed:
    hackage: commonmark-pandoc-0.2.1.1@sha256:20aad71e3aed60b7f21ffe015d96f80e0bed42776a940b50f104a09bf3dc0f69,1153
    pantry-tree:
      size: 326
      sha256: f32574f6df1d3720060f914275218177d0251d0b9d37561e10030fb018bb108e
  original:
    hackage: commonmark-pandoc-0.2.1.1@sha256:20aad71e3aed60b7f21ffe015d96f80e0bed42776a940b50f104a09bf3dc0f69,1153
- completed:
    hackage: doclayout-0.3.1.1@sha256:7c558fd6a46176950c54238e777060f4d80b015fad11020c4cbfcbd2d7f3e1f6,2217
    pantry-tree:
      size: 425
      sha256: 317698be174f3c8560d4e9fa21027179f52480df6bf72823c44fa5c7c2483c36
  original:
    hackage: doclayout-0.3.1.1@sha256:7c558fd6a46176950c54238e777060f4d80b015fad11020c4cbfcbd2d7f3e1f6,2217
- completed:
    hackage: emojis-0.1.2@sha256:3932d99972b998464beb4d67eddebeb00a21dab3e3b2d68bdb996e5cb0ccbc26,1909
    pantry-tree:
      size: 430
      sha256: 3a5d9b527c4999e7a900ee31184d07bef24ecf755440e712a5d77e48003dd139
  original:
    hackage: emojis-0.1.2@sha256:3932d99972b998464beb4d67eddebeb00a21dab3e3b2d68bdb996e5cb0ccbc26,1909
- completed:
    hackage: hslua-marshalling-2.0.1@sha256:40eff33e386aa4f99fb22f12fc9fe673752ed5ccb09566d575bce3cfe1776166,3839
    pantry-tree:
      size: 1020
      sha256: 26bd92c2d2558f2de0122fd28b3de9fe63936d660516551760bb0ee22df6c1ef
  original:
    hackage: hslua-marshalling-2.0.1@sha256:40eff33e386aa4f99fb22f12fc9fe673752ed5ccb09566d575bce3cfe1776166,3839
- completed:
    hackage: hslua-module-path-1.0.0@sha256:29a8116d8c21acfc2dbeed32490037866697ba035e2682b5d5239b8e29bfa96c,2674
    pantry-tree:
      size: 412
      sha256: 672bccd948c4e3d507b3c2d8ce8be2cd9fb0d7b3e1f265e672fca8de8a2f5377
  original:
    hackage: hslua-module-path-1.0.0@sha256:29a8116d8c21acfc2dbeed32490037866697ba035e2682b5d5239b8e29bfa96c,2674
- completed:
    hackage: hslua-module-version-1.0.0@sha256:5df8f3fbf37d7b060fb79b9ed6397e2ff244f4dc04e6455d5a0f7f86e7cafa42,2645
    pantry-tree:
      size: 422
      sha256: 957a344133dce28d1b33741409db62f54bf6bf0cb1b0a1616f82839f2dd9e3d2
  original:
    hackage: hslua-module-version-1.0.0@sha256:5df8f3fbf37d7b060fb79b9ed6397e2ff244f4dc04e6455d5a0f7f86e7cafa42,2645
- completed:
    hackage: jira-wiki-markup-1.4.0@sha256:2fdb7b50bd270d7d388b31df1c746c2864326b68bdd44045323c4f81fd6d5283,3851
    pantry-tree:
      size: 1181
      sha256: 3817344d1039fb3069b68da0accf199c0149e2c456e369d86460f56fd2289620
  original:
    hackage: jira-wiki-markup-1.4.0@sha256:2fdb7b50bd270d7d388b31df1c746c2864326b68bdd44045323c4f81fd6d5283,3851
- completed:
    hackage: lpeg-1.0.1@sha256:a1a0087da8191fe71ab6bbd83c6f8277df84de4fc1921e7cfc8854d78a0456a5,3517
    pantry-tree:
      size: 1265
      sha256: cb731ac73c653a26d0fd81e68a79025effd46cf0ce0d4f409ca012057fc78ea9
  original:
    hackage: lpeg-1.0.1@sha256:a1a0087da8191fe71ab6bbd83c6f8277df84de4fc1921e7cfc8854d78a0456a5,3517
- completed:
    hackage: unicode-collation-0.1.3.1@sha256:341454aefa5a8ee5be2cab23f2d3341d7d301e18adabfc90805b9c5c639fea03,5124
    pantry-tree:
      size: 7407
      sha256: 620fe4b7d674d9a951f612821ecadd041a684729882b6ec2a08f221a71b95bb2
  original:
    hackage: unicode-collation-0.1.3.1@sha256:341454aefa5a8ee5be2cab23f2d3341d7d301e18adabfc90805b9c5c639fea03,5124
- completed:
    hackage: hslua-core-2.0.0.2@sha256:18397c8649129c3adaaa43b68c2ed9f5fad7b96d7f43b9355ffad4ff55ff4693,4061
    pantry-tree:
      size: 1792
      sha256: 99ffb7edf793856b360e15d58df97bf5e728fa009deeac027852bc82d52b766e
  original:
    hackage: hslua-core-2.0.0.2@sha256:18397c8649129c3adaaa43b68c2ed9f5fad7b96d7f43b9355ffad4ff55ff4693,4061
- completed:
    hackage: hslua-packaging-2.0.0@sha256:0b62de0ffe7a6e051730c29433f06a0570137564cb605df2b3921b87dc76bad2,3476
    pantry-tree:
      size: 1076
      sha256: 6aeb7cf613a4bf50419ea5aeee5caa6db6ca23fea925b5e0701a4a27b1dab29f
  original:
    hackage: hslua-packaging-2.0.0@sha256:0b62de0ffe7a6e051730c29433f06a0570137564cb605df2b3921b87dc76bad2,3476
- completed:
    hackage: lua-2.0.2@sha256:374f224425c318b9c9e0bdb4dc649ef7f48c32488eec1d68b4926e24ffe5fc9d,8150
    pantry-tree:
      size: 5369
      sha256: 7a2c16907491e87db7ab62fad532fbc2e84eccd3868994660a2e214872774cab
  original:
    hackage: lua-2.0.2@sha256:374f224425c318b9c9e0bdb4dc649ef7f48c32488eec1d68b4926e24ffe5fc9d,8150
- completed:
    hackage: hslua-objectorientation-2.0.1@sha256:28362bb7e476e5fae3382ef545146f81b9a64fa4e2c5ec627dfa5618d671d003,3335
    pantry-tree:
      size: 583
      sha256: a2601024075c0b8f8bf864e59701f26e53893ef776d0374542223f1a1d6e75b2
  original:
    hackage: hslua-objectorientation-2.0.1@sha256:28362bb7e476e5fae3382ef545146f81b9a64fa4e2c5ec627dfa5618d671d003,3335
- completed:
    hackage: aeson-pretty-0.8.9@sha256:4edaca3e18cda892dc26e0ee62f99e30c069c91ca747e45b102cd6a694cf0174,2549
    pantry-tree:
      size: 394
      sha256: c51f8c02e89a88a65374fc5f93a482e7c6be1157aed18f607225fc8aef70a550
  original:
    hackage: aeson-pretty-0.8.9@sha256:4edaca3e18cda892dc26e0ee62f99e30c069c91ca747e45b102cd6a694cf0174,2549
- completed:
    hackage: doctemplates-0.10.0.1@sha256:bb36fe3bd5dbeaa91d76391c1203feb4b51a1fe7bef1be8d688c80d42967da80,3085
    pantry-tree:
      size: 2369
      sha256: 2a3229cd6609c18c2877849b71dd5384dcc7df330bdcfe321b413dd999f1a908
  original:
    hackage: doctemplates-0.10.0.1@sha256:bb36fe3bd5dbeaa91d76391c1203feb4b51a1fe7bef1be8d688c80d42967da80,3085
- completed:
    hackage: haddock-library-1.10.0@sha256:20072cf545db5945c60e154295bd8023dbfaf8e75bf8a5c4a5d1bb0282377c8a,4167
    pantry-tree:
      size: 3645
      sha256: 97021c3890b4e270ed26b419f3e90c0e17d97836ea6647f4f57ca32b46bad470
  original:
    hackage: haddock-library-1.10.0@sha256:20072cf545db5945c60e154295bd8023dbfaf8e75bf8a5c4a5d1bb0282377c8a,4167
- completed:
    hackage: hslua-2.0.1@sha256:d8f3f8f3be9239940daecdeb7334567732fe922ba6194e08d4c1dff4a2795969,4176
    pantry-tree:
      size: 679
      sha256: 864692c65529281acb6e7ddf60d60431d5d94d012934398f9a1db1d2c068951b
  original:
    hackage: hslua-2.0.1@sha256:d8f3f8f3be9239940daecdeb7334567732fe922ba6194e08d4c1dff4a2795969,4176
- completed:
    hackage: hslua-module-system-1.0.0@sha256:39b87e6f3caec3a478d95c59a9f7acd088f47ef57cb8bfa785381fc383972318,3087
    pantry-tree:
      size: 444
      sha256: c945e5b92f83fef4bbcae33de2e57bcd4b2aa8df3a1c3f58212c524cb98b746e
  original:
    hackage: hslua-module-system-1.0.0@sha256:39b87e6f3caec3a478d95c59a9f7acd088f47ef57cb8bfa785381fc383972318,3087
- completed:
    hackage: hslua-module-text-1.0.0@sha256:0d3b8ce3df77c596274c88af8dcd9df5e05ef2476f6feb07634c663e873558fd,2620
    pantry-tree:
      size: 409
      sha256: d76f10e18c0765315b5d5c7d1175b28e09a8e36e97ec05573990f7d6efab42de
  original:
    hackage: hslua-module-text-1.0.0@sha256:0d3b8ce3df77c596274c88af8dcd9df5e05ef2476f6feb07634c663e873558fd,2620
- completed:
    hackage: ipynb-0.1.0.2@sha256:85b53600fc9fd4ee00bea2ee72b5f62bda3896621c4ed3a62951e6056975d9c6,1785
    pantry-tree:
      size: 678
      sha256: 66923955b646c9901bd10075b0fe3132266df6c5625e61273d1b507f87495a26
  original:
    hackage: ipynb-0.1.0.2@sha256:85b53600fc9fd4ee00bea2ee72b5f62bda3896621c4ed3a62951e6056975d9c6,1785
- completed:
    hackage: pandoc-types-1.22.1@sha256:8d0f65ae6187e301741b9f62a6e7cac05d1dce1acd0b59ee12e8d42aabfeebc5,4073
    pantry-tree:
      size: 737
      sha256: 94a58cbd6097b71c14590c82288ffde94711f00972aeb7ed53e6b3abf96934d2
  original:
    hackage: pandoc-types-1.22.1@sha256:8d0f65ae6187e301741b9f62a6e7cac05d1dce1acd0b59ee12e8d42aabfeebc5,4073
- completed:
    hackage: pretty-show-1.10@sha256:bfef8da0ac4db4fc7f41edfec9e9a701ac206418d70702bff1e40f20d6a2b1f1,1888
    pantry-tree:
      size: 735
      sha256: ae0986a1537a5f462fd48787f82931a07ab8b569631cf08e6cff19c2d9e3866b
  original:
    hackage: pretty-show-1.10@sha256:bfef8da0ac4db4fc7f41edfec9e9a701ac206418d70702bff1e40f20d6a2b1f1,1888
- completed:
    hackage: safe-0.3.19@sha256:0910dafb8898f52bde4c646e560228a0fd08b1fca5457f222d2f5c0fad6d2039,2317
    pantry-tree:
      size: 564
      sha256: 40010636c24cebf3f3e29e9b3b8e6c35f249f5e5d253925433140bb0b4e3f891
  original:
    hackage: safe-0.3.19@sha256:0910dafb8898f52bde4c646e560228a0fd08b1fca5457f222d2f5c0fad6d2039,2317
- completed:
    hackage: skylighting-0.12.1@sha256:0992031e143ef87e6412a2352be16abfd75f8da4c72573cdeef565dea1eb40d0,10151
    pantry-tree:
      size: 11002
      sha256: d70eadc227d42ce8e056006073339ccb46bab0e011817b4178b14bf06d0f4c32
  original:
    hackage: skylighting-0.12.1@sha256:0992031e143ef87e6412a2352be16abfd75f8da4c72573cdeef565dea1eb40d0,10151
- completed:
    hackage: skylighting-core-0.12.1@sha256:5ef66d2fce734e60a5fe8175fc5a6c208b1c06d3404d0ed2a7834ad2a036ed5a,8081
    pantry-tree:
      size: 13828
      sha256: 8347586f8548ff90416113a0c22543fa2aa368cb70761e1ddb2ea3e2dc570143
  original:
    hackage: skylighting-core-0.12.1@sha256:5ef66d2fce734e60a5fe8175fc5a6c208b1c06d3404d0ed2a7834ad2a036ed5a,8081
- completed:
    hackage: texmath-0.12.3.3@sha256:61524eec142c4cc7fb2995e69d7afb8583aca3473442e108e96b1f71ee32a648,6572
    pantry-tree:
      size: 275038
      sha256: 9b12f71fed48fc0e4fffae0e5bc5610092f5850924bf954089bda82cbf3b6c31
  original:
    hackage: texmath-0.12.3.3@sha256:61524eec142c4cc7fb2995e69d7afb8583aca3473442e108e96b1f71ee32a648,6572
- completed:
    hackage: xml-conduit-1.9.1.1@sha256:7213a64462d669f5ca55534a78a9b19c1d3757a605756e1f5065fa7c611493c1,3010
    pantry-tree:
      size: 836
      sha256: f1d88705f6f5368a5861251f5b32f59374a2aaa979079fb8a128bd15f830da75
  original:
    hackage: xml-conduit-1.9.1.1@sha256:7213a64462d669f5ca55534a78a9b19c1d3757a605756e1f5065fa7c611493c1,3010
- completed:
    hackage: HsYAML-0.2.1.0@sha256:b1a89408cda1f1875323b0218205cffa28a404b7a8a33a3602bda642000a4662,5555
    pantry-tree:
      size: 1340
      sha256: 6aa33d3be05571d53ef562cc309262bcc0b38d01e7d0a4f568d620126c6a4f5e
  original:
    hackage: HsYAML-0.2.1.0@sha256:b1a89408cda1f1875323b0218205cffa28a404b7a8a33a3602bda642000a4662,5555
- completed:
    hackage: haskell-lexer-1.1@sha256:9e0a7633f6bdb59004c6f3144ebfad1edb9e440fc6a94215c3a1d11bcd8656ef,915
    pantry-tree:
      size: 587
      sha256: b301fc4115ecc2687df258748a4d6f4165ee34890d65ddb81930d6adfd6c4f7c
  original:
    hackage: haskell-lexer-1.1@sha256:9e0a7633f6bdb59004c6f3144ebfad1edb9e440fc6a94215c3a1d11bcd8656ef,915
- completed:
    hackage: hslua-classes-2.0.0@sha256:77892ad3e81bd5a6e28d264f1d062839346569660368aa5f606805ae8f347d97,3794
    pantry-tree:
      size: 1112
      sha256: f2d7dea6c3d537c9d1697cadf9bf5a86f968d2e471140ecf7e5e3c40d5ec039c
  original:
    hackage: hslua-classes-2.0.0@sha256:77892ad3e81bd5a6e28d264f1d062839346569660368aa5f606805ae8f347d97,3794
- completed:
    hackage: unordered-containers-0.2.16.0@sha256:859ec9a017e51194755cb8a445b767afc5ce0ac991cd50b0f96abd31b3687aab,5217
    pantry-tree:
      size: 1316
      sha256: e8d877c3c7545bc3d0e5b990466572a39b19f440bbf7a0e1bdde7521176cd12a
  original:
    hackage: unordered-containers-0.2.16.0@sha256:859ec9a017e51194755cb8a445b767afc5ce0ac991cd50b0f96abd31b3687aab,5217
- completed:
    hackage: yaml-0.11.7.0@sha256:bdc72a1f2eb7adc85d3dc8ff8b19d82319d3a4f2dd6847d1d161071cab6390c2,4936
    pantry-tree:
      size: 2044
      sha256: 78740da227b412af7f63fbf277e47ea22a797e8ce18912d5450f9e88376b49ba
  original:
    hackage: yaml-0.11.7.0
snapshots:
- completed:
    size: 524804
    url: https://raw.githubusercontent.com/commercialhaskell/stackage-snapshots/master/lts/14/16.yaml
    sha256: 4d1519a4372d051d47a5eae2241cf3fb54e113d7475f89707ddb6ec06add2888
  original: lts-14.16
